# This file was autogenerated by Stack.
# You should not edit this file by hand.
# For more information, please see the documentation at:
#   https://docs.haskellstack.org/en/stable/lock_files

packages:
- completed:
    hackage: twitter-conduit-0.5.0@sha256:20b740932f55e9e52bc4c7fd55f30e4360be47d6bb582221098f29530127e6da,3763
    pantry-tree:
      size: 2704
      sha256: ed11210e902fda02bb74527c9251739d44d966c32cab97ce8ebede8c27497dbf
  original:
    hackage: twitter-conduit-0.5.0
- completed:
    hackage: twitter-types-0.10.1@sha256:5ebed648815b96f54b0b1d3e86b3443d8900a86ce3ab885d71fb8c1ba5aacbc0,1568
    pantry-tree:
      size: 2921
      sha256: 5edadc18ca570a7e53ef3b78415b7df64b429ee4374acfd604ee09a1d3bb10d6
  original:
    hackage: twitter-types-0.10.1
- completed:
    hackage: twitter-types-lens-0.10.0@sha256:c9589b49b92e0ca3f2b0472959d5ca9f26589caa8b3af182fcd9697dda570751,974
    pantry-tree:
      size: 295
      sha256: 8f9b475ca94cb8394bfce6705433c323494a0b8bfbf284158d5e3a7a8ddd72e6
  original:
    hackage: twitter-types-lens-0.10.0
- completed:
    hackage: yesod-auth-oauth-1.6.0.1@sha256:31cf612c3ef77b472fb57a9817a61769792d1becaa4e8883f83e357f792b5ea4,1282
    pantry-tree:
      size: 321
      sha256: a1f7bbb95a770c2b15514b32cc27f11376627addc7a3da7d35e23867a46d36b7
  original:
    hackage: yesod-auth-oauth-1.6.0.1
- completed:
    hackage: language-javascript-0.6.0.11@sha256:48576021b3917fa9cb88404e6f3b216a660f14786a808de289195f75817c0a3e,3792
    pantry-tree:
      size: 2284
      sha256: d2547c2890f243fd03ca9ebf088e283ec4fa133300c385ce001cbcfc3b2d0feb
  original:
    hackage: language-javascript-0.6.0.11
snapshots:
- completed:
    size: 534126
    url: https://raw.githubusercontent.com/commercialhaskell/stackage-snapshots/master/lts/16/31.yaml
    sha256: 637fb77049b25560622a224845b7acfe81a09fdb6a96a3c75997a10b651667f6
  original: lts-16.31
